
Microsoft Visual Studio Solution File, Format Version 12.00
# Visual Studio 15
VisualStudioVersion = 15.0.27703.1
MinimumVisualStudioVersion = 10.0.40219.1
Project("{E24C65DC-7377-472B-9ABA-BC803B73C61A}") = "Lab2a", "Lab2a\", "{C9EE65A7-065A-4458-97D5-B3298DC95B07}"
	ProjectSection(WebsiteProperties) = preProject
		TargetFrameworkMoniker = ".NETFramework,Version%3Dv4.7.2"
		Debug.AspNetCompiler.VirtualPath = "/localhost_2244"
		Debug.AspNetCompiler.PhysicalPath = "Lab2a\"
		Debug.AspNetCompiler.TargetPath = "PrecompiledWeb\localhost_2244\"
		Debug.AspNetCompiler.Updateable = "true"
		Debug.AspNetCompiler.ForceOverwrite = "true"
		Debug.AspNetCompiler.FixedNames = "false"
		Debug.AspNetCompiler.Debug = "True"
		Release.AspNetCompiler.VirtualPath = "/localhost_2244"
		Release.AspNetCompiler.PhysicalPath = "Lab2a\"
		Release.AspNetCompiler.TargetPath = "PrecompiledWeb\localhost_2244\"
		Release.AspNetCompiler.Updateable = "true"
		Release.AspNetCompiler.ForceOverwrite = "true"
		Release.AspNetCompiler.FixedNames = "false"
		Release.AspNetCompiler.Debug = "False"
		VWDPort = "2244"
		SlnRelativePath = "Lab2a\"
		DefaultWebSiteLanguage = "Visual C#"
	EndProjectSection
EndProject
Project("{E24C65DC-7377-472B-9ABA-BC803B73C61A}") = "Lab2s", "Lab2s\", "{CB69DBE3-5427-4ABF-85AD-CA4E3466B801}"
	ProjectSection(WebsiteProperties) = preProject
		TargetFrameworkMoniker = ".NETFramework,Version%3Dv4.7.2"
		Debug.AspNetCompiler.VirtualPath = "/localhost_9009"
		Debug.AspNetCompiler.PhysicalPath = "Lab2s\"
		Debug.AspNetCompiler.TargetPath = "PrecompiledWeb\localhost_9009\"
		Debug.AspNetCompiler.Updateable = "true"
		Debug.AspNetCompiler.ForceOverwrite = "true"
		Debug.AspNetCompiler.FixedNames = "false"
		Debug.AspNetCompiler.Debug = "True"
		Release.AspNetCompiler.VirtualPath = "/localhost_9009"
		Release.AspNetCompiler.PhysicalPath = "Lab2s\"
		Release.AspNetCompiler.TargetPath = "PrecompiledWeb\localhost_9009\"
		Release.AspNetCompiler.Updateable = "true"
		Release.AspNetCompiler.ForceOverwrite = "true"
		Release.AspNetCompiler.FixedNames = "false"
		Release.AspNetCompiler.Debug = "False"
		VWDPort = "9009"
		SlnRelativePath = "Lab2s\"
		DefaultWebSiteLanguage = "Visual C#"
	EndProjectSection
EndProject
Global
	GlobalSection(SolutionConfigurationPlatforms) = preSolution
		Debug|Any CPU = Debug|Any CPU
	EndGlobalSection
	GlobalSection(ProjectConfigurationPlatforms) = postSolution
		{C9EE65A7-065A-4458-97D5-B3298DC95B07}.Debug|Any CPU.ActiveCfg = Debug|Any CPU
		{C9EE65A7-065A-4458-97D5-B3298DC95B07}.Debug|Any CPU.Build.0 = Debug|Any CPU
		{CB69DBE3-5427-4ABF-85AD-CA4E3466B801}.Debug|Any CPU.ActiveCfg = Debug|Any CPU
		{CB69DBE3-5427-4ABF-85AD-CA4E3466B801}.Debug|Any CPU.Build.0 = Debug|Any CPU
	EndGlobalSection
	GlobalSection(SolutionProperties) = preSolution
		HideSolutionNode = FALSE
	EndGlobalSection
	GlobalSection(ExtensibilityGlobals) = postSolution
		SolutionGuid = {FCAD38E1-74F8-49FA-A1BF-813B06F17DFE}
	EndGlobalSection
EndGlobal
